
Microsoft Visual Studio Solution File, Format Version 12.00
# Visual Studio 2012
Project("{FAE04EC0-301F-11D3-BF4B-00C04F79EFBC}") = "iHandy", "iHandy\iHandy.csproj", "{30F0B938-46BA-4104-9609-57E3EC180D43}"
EndProject
Global
	GlobalSection(SolutionConfigurationPlatforms) = preSolution
		Debug|Any CPU = Debug|Any CPU
		Release|Any CPU = Release|Any CPU
	EndGlobalSection
	GlobalSection(ProjectConfigurationPlatforms) = postSolution
		{30F0B938-46BA-4104-9609-57E3EC180D43}.Debug|Any CPU.ActiveCfg = Debug|Any CPU
		{30F0B938-46BA-4104-9609-57E3EC180D43}.Debug|Any CPU.Build.0 = Debug|Any CPU
		{30F0B938-46BA-4104-9609-57E3EC180D43}.Release|Any CPU.ActiveCfg = Release|Any CPU
		{30F0B938-46BA-4104-9609-57E3EC180D43}.Release|Any CPU.Build.0 = Release|Any CPU
	EndGlobalSection
	GlobalSection(SolutionProperties) = preSolution
		HideSolutionNode = FALSE
	EndGlobalSection
EndGlobal
